
Microsoft Visual Studio Solution File, Format Version 12.00
# Visual Studio Version 16
VisualStudioVersion = 16.0.31112.23
MinimumVisualStudioVersion = 10.0.40219.1
Project("{FAE04EC0-301F-11D3-BF4B-00C04F79EFBC}") = "CocCachShop", "CocCachShop\CocCachShop.csproj", "{6AA6527A-95BB-4091-AB68-9CB84480B9AD}"
EndProject
Project("{FAE04EC0-301F-11D3-BF4B-00C04F79EFBC}") = "CocCachShop.Tests", "CocCachShop.Tests\CocCachShop.Tests.csproj", "{9F289D30-689F-4F91-B45F-E2B0FBEB3002}"
EndProject
Project("{FAE04EC0-301F-11D3-BF4B-00C04F79EFBC}") = "Model", "Model\Model.csproj", "{E92128C2-8170-4C09-ABF6-45DE53FD1D12}"
EndProject
Project("{FAE04EC0-301F-11D3-BF4B-00C04F79EFBC}") = "Common", "Common\Common.csproj", "{C88A39CD-B2D2-44AA-ABF1-A5CF2C669B3E}"
EndProject
Project("{FAE04EC0-301F-11D3-BF4B-00C04F79EFBC}") = "WebAPI", "WebAPI\WebAPI.csproj", "{633BC440-597B-488D-BD51-D6F9292DCD23}"
EndProject
Global
	GlobalSection(SolutionConfigurationPlatforms) = preSolution
		Debug|Any CPU = Debug|Any CPU
		Release|Any CPU = Release|Any CPU
	EndGlobalSection
	GlobalSection(ProjectConfigurationPlatforms) = postSolution
		{6AA6527A-95BB-4091-AB68-9CB84480B9AD}.Debug|Any CPU.ActiveCfg = Debug|Any CPU
		{6AA6527A-95BB-4091-AB68-9CB84480B9AD}.Debug|Any CPU.Build.0 = Debug|Any CPU
		{6AA6527A-95BB-4091-AB68-9CB84480B9AD}.Release|Any CPU.ActiveCfg = Release|Any CPU
		{6AA6527A-95BB-4091-AB68-9CB84480B9AD}.Release|Any CPU.Build.0 = Release|Any CPU
		{9F289D30-689F-4F91-B45F-E2B0FBEB3002}.Debug|Any CPU.ActiveCfg = Debug|Any CPU
		{9F289D30-689F-4F91-B45F-E2B0FBEB3002}.Debug|Any CPU.Build.0 = Debug|Any CPU
		{9F289D30-689F-4F91-B45F-E2B0FBEB3002}.Release|Any CPU.ActiveCfg = Release|Any CPU
		{9F289D30-689F-4F91-B45F-E2B0FBEB3002}.Release|Any CPU.Build.0 = Release|Any CPU
		{E92128C2-8170-4C09-ABF6-45DE53FD1D12}.Debug|Any CPU.ActiveCfg = Debug|Any CPU
		{E92128C2-8170-4C09-ABF6-45DE53FD1D12}.Debug|Any CPU.Build.0 = Debug|Any CPU
		{E92128C2-8170-4C09-ABF6-45DE53FD1D12}.Release|Any CPU.ActiveCfg = Release|Any CPU
		{E92128C2-8170-4C09-ABF6-45DE53FD1D12}.Release|Any CPU.Build.0 = Release|Any CPU
		{C88A39CD-B2D2-44AA-ABF1-A5CF2C669B3E}.Debug|Any CPU.ActiveCfg = Debug|Any CPU
		{C88A39CD-B2D2-44AA-ABF1-A5CF2C669B3E}.Debug|Any CPU.Build.0 = Debug|Any CPU
		{C88A39CD-B2D2-44AA-ABF1-A5CF2C669B3E}.Release|Any CPU.ActiveCfg = Release|Any CPU
		{C88A39CD-B2D2-44AA-ABF1-A5CF2C669B3E}.Release|Any CPU.Build.0 = Release|Any CPU
		{633BC440-597B-488D-BD51-D6F9292DCD23}.Debug|Any CPU.ActiveCfg = Debug|Any CPU
		{633BC440-597B-488D-BD51-D6F9292DCD23}.Debug|Any CPU.Build.0 = Debug|Any CPU
		{633BC440-597B-488D-BD51-D6F9292DCD23}.Release|Any CPU.ActiveCfg = Release|Any CPU
		{633BC440-597B-488D-BD51-D6F9292DCD23}.Release|Any CPU.Build.0 = Release|Any CPU
	EndGlobalSection
	GlobalSection(SolutionProperties) = preSolution
		HideSolutionNode = FALSE
	EndGlobalSection
	GlobalSection(ExtensibilityGlobals) = postSolution
		SolutionGuid = {35B2EFC3-150A-4456-9DAC-71B0E682FF3C}
	EndGlobalSection
EndGlobal
